
Microsoft Visual Studio Solution File, Format Version 12.00
# Visual Studio Version 17
VisualStudioVersion = 17.3.32825.248
MinimumVisualStudioVersion = 10.0.40219.1
Project("{FAE04EC0-301F-11D3-BF4B-00C04F79EFBC}") = "2.1_Interface_VD2", "lab02\2.1_Interface_VD2.csproj", "{51ED5F13-6770-4AA3-BA55-B96832AB9D3F}"
EndProject
Project("{FAE04EC0-301F-11D3-BF4B-00C04F79EFBC}") = "2.2_Abstract_VD2", "Ex02_Abstract\2.2_Abstract_VD2.csproj", "{FF63649A-6F62-4892-9D12-3FC6C24D63B5}"
EndProject
Project("{FAE04EC0-301F-11D3-BF4B-00C04F79EFBC}") = "2.1_Interface_VD1", "VD01_Interface\2.1_Interface_VD1.csproj", "{C7C95063-14B3-4E1E-9F4D-DF078403128A}"
EndProject
Project("{FAE04EC0-301F-11D3-BF4B-00C04F79EFBC}") = "2.2_Abstract_VD1", "VD1_Abstract\2.2_Abstract_VD1.csproj", "{3FC9C579-F52A-49C2-AE31-D94261B3CD7A}"
EndProject
Project("{FAE04EC0-301F-11D3-BF4B-00C04F79EFBC}") = "2.2_Abstract_VD3", "Abstract_VD3\2.2_Abstract_VD3.csproj", "{4F920D8C-810B-4172-8F02-8473769E7687}"
EndProject
Project("{FAE04EC0-301F-11D3-BF4B-00C04F79EFBC}") = "2.3_Mang2Chieu_VD1", "2.3_Mang2Chieu_VD1\2.3_Mang2Chieu_VD1.csproj", "{6AD37F6E-C309-453F-B71C-C32DD9DCF5FC}"
EndProject
Project("{FAE04EC0-301F-11D3-BF4B-00C04F79EFBC}") = "2.3_Mang2chieu_VD2", "2.3_Mang2chieu_Vd2\2.3_Mang2chieu_VD2.csproj", "{25B0B6A3-D14D-4DEE-B298-91F3B8DEAFFE}"
EndProject
Project("{FAE04EC0-301F-11D3-BF4B-00C04F79EFBC}") = "2.3_Mang2chieu_VD3", "2.3_Mang2chieu_VD3\2.3_Mang2chieu_VD3.csproj", "{03F4973C-D843-4555-889D-49FAC7CA15A8}"
EndProject
Project("{FAE04EC0-301F-11D3-BF4B-00C04F79EFBC}") = "2.4_XauKyTu_VD1", "2.4_XauKyTu_VD1\2.4_XauKyTu_VD1.csproj", "{C0412E77-1845-4046-A21B-560515658B23}"
EndProject
Project("{FAE04EC0-301F-11D3-BF4B-00C04F79EFBC}") = "2.4_XauKyTu_VD2", "2.4_XauKyTu_VD2\2.4_XauKyTu_VD2.csproj", "{03FD9158-1356-4F74-BA49-C6B4D420A6BB}"
EndProject
Project("{FAE04EC0-301F-11D3-BF4B-00C04F79EFBC}") = "2.4_XauKyTu_VD3", "2.4_XauKyTu_VD3\2.4_XauKyTu_VD3.csproj", "{E463D82C-3780-43B2-B500-500D4C4C9CB7}"
EndProject
Project("{FAE04EC0-301F-11D3-BF4B-00C04F79EFBC}") = "Ex01_lab02", "Ex01_lab02\Ex01_lab02.csproj", "{170E1966-E75B-4355-BD6F-051E123B35A8}"
EndProject
Project("{FAE04EC0-301F-11D3-BF4B-00C04F79EFBC}") = "Ex02_lab02", "Ex02_lab02\Ex02_lab02.csproj", "{3CDBF4D1-DF49-438B-8859-EC9FC65663E9}"
EndProject
Project("{FAE04EC0-301F-11D3-BF4B-00C04F79EFBC}") = "Ex03_lab02", "Ex03_lab02\Ex03_lab02.csproj", "{BB16B5C9-7EC6-4AC9-911C-34D061D81DC1}"
EndProject
Project("{FAE04EC0-301F-11D3-BF4B-00C04F79EFBC}") = "Ex04_lab02", "Ex04_lab02\Ex04_lab02.csproj", "{7A201446-4DF0-4C24-9676-1ADEC3B2C744}"
EndProject
Project("{FAE04EC0-301F-11D3-BF4B-00C04F79EFBC}") = "Ex05_lab02", "Ex05_lab02\Ex05_lab02.csproj", "{5C85141D-C65B-460F-A44B-9D5E24437B15}"
EndProject
Global
	GlobalSection(SolutionConfigurationPlatforms) = preSolution
		Debug|Any CPU = Debug|Any CPU
		Release|Any CPU = Release|Any CPU
	EndGlobalSection
	GlobalSection(ProjectConfigurationPlatforms) = postSolution
		{51ED5F13-6770-4AA3-BA55-B96832AB9D3F}.Debug|Any CPU.ActiveCfg = Debug|Any CPU
		{51ED5F13-6770-4AA3-BA55-B96832AB9D3F}.Debug|Any CPU.Build.0 = Debug|Any CPU
		{51ED5F13-6770-4AA3-BA55-B96832AB9D3F}.Release|Any CPU.ActiveCfg = Release|Any CPU
		{51ED5F13-6770-4AA3-BA55-B96832AB9D3F}.Release|Any CPU.Build.0 = Release|Any CPU
		{FF63649A-6F62-4892-9D12-3FC6C24D63B5}.Debug|Any CPU.ActiveCfg = Debug|Any CPU
		{FF63649A-6F62-4892-9D12-3FC6C24D63B5}.Debug|Any CPU.Build.0 = Debug|Any CPU
		{FF63649A-6F62-4892-9D12-3FC6C24D63B5}.Release|Any CPU.ActiveCfg = Release|Any CPU
		{FF63649A-6F62-4892-9D12-3FC6C24D63B5}.Release|Any CPU.Build.0 = Release|Any CPU
		{C7C95063-14B3-4E1E-9F4D-DF078403128A}.Debug|Any CPU.ActiveCfg = Debug|Any CPU
		{C7C95063-14B3-4E1E-9F4D-DF078403128A}.Debug|Any CPU.Build.0 = Debug|Any CPU
		{C7C95063-14B3-4E1E-9F4D-DF078403128A}.Release|Any CPU.ActiveCfg = Release|Any CPU
		{C7C95063-14B3-4E1E-9F4D-DF078403128A}.Release|Any CPU.Build.0 = Release|Any CPU
		{3FC9C579-F52A-49C2-AE31-D94261B3CD7A}.Debug|Any CPU.ActiveCfg = Debug|Any CPU
		{3FC9C579-F52A-49C2-AE31-D94261B3CD7A}.Debug|Any CPU.Build.0 = Debug|Any CPU
		{3FC9C579-F52A-49C2-AE31-D94261B3CD7A}.Release|Any CPU.ActiveCfg = Release|Any CPU
		{3FC9C579-F52A-49C2-AE31-D94261B3CD7A}.Release|Any CPU.Build.0 = Release|Any CPU
		{4F920D8C-810B-4172-8F02-8473769E7687}.Debug|Any CPU.ActiveCfg = Debug|Any CPU
		{4F920D8C-810B-4172-8F02-8473769E7687}.Debug|Any CPU.Build.0 = Debug|Any CPU
		{4F920D8C-810B-4172-8F02-8473769E7687}.Release|Any CPU.ActiveCfg = Release|Any CPU
		{4F920D8C-810B-4172-8F02-8473769E7687}.Release|Any CPU.Build.0 = Release|Any CPU
		{6AD37F6E-C309-453F-B71C-C32DD9DCF5FC}.Debug|Any CPU.ActiveCfg = Debug|Any CPU
		{6AD37F6E-C309-453F-B71C-C32DD9DCF5FC}.Debug|Any CPU.Build.0 = Debug|Any CPU
		{6AD37F6E-C309-453F-B71C-C32DD9DCF5FC}.Release|Any CPU.ActiveCfg = Release|Any CPU
		{6AD37F6E-C309-453F-B71C-C32DD9DCF5FC}.Release|Any CPU.Build.0 = Release|Any CPU
		{25B0B6A3-D14D-4DEE-B298-91F3B8DEAFFE}.Debug|Any CPU.ActiveCfg = Debug|Any CPU
		{25B0B6A3-D14D-4DEE-B298-91F3B8DEAFFE}.Debug|Any CPU.Build.0 = Debug|Any CPU
		{25B0B6A3-D14D-4DEE-B298-91F3B8DEAFFE}.Release|Any CPU.ActiveCfg = Release|Any CPU
		{25B0B6A3-D14D-4DEE-B298-91F3B8DEAFFE}.Release|Any CPU.Build.0 = Release|Any CPU
		{03F4973C-D843-4555-889D-49FAC7CA15A8}.Debug|Any CPU.ActiveCfg = Debug|Any CPU
		{03F4973C-D843-4555-889D-49FAC7CA15A8}.Debug|Any CPU.Build.0 = Debug|Any CPU
		{03F4973C-D843-4555-889D-49FAC7CA15A8}.Release|Any CPU.ActiveCfg = Release|Any CPU
		{03F4973C-D843-4555-889D-49FAC7CA15A8}.Release|Any CPU.Build.0 = Release|Any CPU
		{C0412E77-1845-4046-A21B-560515658B23}.Debug|Any CPU.ActiveCfg = Debug|Any CPU
		{C0412E77-1845-4046-A21B-560515658B23}.Debug|Any CPU.Build.0 = Debug|Any CPU
		{C0412E77-1845-4046-A21B-560515658B23}.Release|Any CPU.ActiveCfg = Release|Any CPU
		{C0412E77-1845-4046-A21B-560515658B23}.Release|Any CPU.Build.0 = Release|Any CPU
		{03FD9158-1356-4F74-BA49-C6B4D420A6BB}.Debug|Any CPU.ActiveCfg = Debug|Any CPU
		{03FD9158-1356-4F74-BA49-C6B4D420A6BB}.Debug|Any CPU.Build.0 = Debug|Any CPU
		{03FD9158-1356-4F74-BA49-C6B4D420A6BB}.Release|Any CPU.ActiveCfg = Release|Any CPU
		{03FD9158-1356-4F74-BA49-C6B4D420A6BB}.Release|Any CPU.Build.0 = Release|Any CPU
		{E463D82C-3780-43B2-B500-500D4C4C9CB7}.Debug|Any CPU.ActiveCfg = Debug|Any CPU
		{E463D82C-3780-43B2-B500-500D4C4C9CB7}.Debug|Any CPU.Build.0 = Debug|Any CPU
		{E463D82C-3780-43B2-B500-500D4C4C9CB7}.Release|Any CPU.ActiveCfg = Release|Any CPU
		{E463D82C-3780-43B2-B500-500D4C4C9CB7}.Release|Any CPU.Build.0 = Release|Any CPU
		{170E1966-E75B-4355-BD6F-051E123B35A8}.Debug|Any CPU.ActiveCfg = Debug|Any CPU
		{170E1966-E75B-4355-BD6F-051E123B35A8}.Debug|Any CPU.Build.0 = Debug|Any CPU
		{170E1966-E75B-4355-BD6F-051E123B35A8}.Release|Any CPU.ActiveCfg = Release|Any CPU
		{170E1966-E75B-4355-BD6F-051E123B35A8}.Release|Any CPU.Build.0 = Release|Any CPU
		{3CDBF4D1-DF49-438B-8859-EC9FC65663E9}.Debug|Any CPU.ActiveCfg = Debug|Any CPU
		{3CDBF4D1-DF49-438B-8859-EC9FC65663E9}.Debug|Any CPU.Build.0 = Debug|Any CPU
		{3CDBF4D1-DF49-438B-8859-EC9FC65663E9}.Release|Any CPU.ActiveCfg = Release|Any CPU
		{3CDBF4D1-DF49-438B-8859-EC9FC65663E9}.Release|Any CPU.Build.0 = Release|Any CPU
		{BB16B5C9-7EC6-4AC9-911C-34D061D81DC1}.Debug|Any CPU.ActiveCfg = Debug|Any CPU
		{BB16B5C9-7EC6-4AC9-911C-34D061D81DC1}.Debug|Any CPU.Build.0 = Debug|Any CPU
		{BB16B5C9-7EC6-4AC9-911C-34D061D81DC1}.Release|Any CPU.ActiveCfg = Release|Any CPU
		{BB16B5C9-7EC6-4AC9-911C-34D061D81DC1}.Release|Any CPU.Build.0 = Release|Any CPU
		{7A201446-4DF0-4C24-9676-1ADEC3B2C744}.Debug|Any CPU.ActiveCfg = Debug|Any CPU
		{7A201446-4DF0-4C24-9676-1ADEC3B2C744}.Debug|Any CPU.Build.0 = Debug|Any CPU
		{7A201446-4DF0-4C24-9676-1ADEC3B2C744}.Release|Any CPU.ActiveCfg = Release|Any CPU
		{7A201446-4DF0-4C24-9676-1ADEC3B2C744}.Release|Any CPU.Build.0 = Release|Any CPU
		{5C85141D-C65B-460F-A44B-9D5E24437B15}.Debug|Any CPU.ActiveCfg = Debug|Any CPU
		{5C85141D-C65B-460F-A44B-9D5E24437B15}.Debug|Any CPU.Build.0 = Debug|Any CPU
		{5C85141D-C65B-460F-A44B-9D5E24437B15}.Release|Any CPU.ActiveCfg = Release|Any CPU
		{5C85141D-C65B-460F-A44B-9D5E24437B15}.Release|Any CPU.Build.0 = Release|Any CPU
	EndGlobalSection
	GlobalSection(SolutionProperties) = preSolution
		HideSolutionNode = FALSE
	EndGlobalSection
	GlobalSection(ExtensibilityGlobals) = postSolution
		SolutionGuid = {B2D0079E-0F83-4488-A68B-CA67F7A7D30E}
	EndGlobalSection
EndGlobal
