
Microsoft Visual Studio Solution File, Format Version 12.00
# Visual Studio Version 17
VisualStudioVersion = 17.3.32825.248
MinimumVisualStudioVersion = 10.0.40219.1
Project("{FAE04EC0-301F-11D3-BF4B-00C04F79EFBC}") = "7.1_FileText_VD1", "7.1_FileText_VD1\7.1_FileText_VD1.csproj", "{D913BA39-A8A9-42E8-A361-280A3CE72781}"
EndProject
Project("{FAE04EC0-301F-11D3-BF4B-00C04F79EFBC}") = "7.1_FileText_VD2", "7.1_FileText_VD2\7.1_FileText_VD2.csproj", "{B9F0A7A6-91BA-4716-BBB0-9FBA767B7711}"
EndProject
Project("{FAE04EC0-301F-11D3-BF4B-00C04F79EFBC}") = "7.1_FileText_VD3", "7.1_FileText_VD3\7.1_FileText_VD3.csproj", "{D2D72345-832D-47F1-9C9A-EDF6E58F20A5}"
EndProject
Project("{FAE04EC0-301F-11D3-BF4B-00C04F79EFBC}") = "7.2_FileBinary_VD1", "7.2_FileBinary_VD1\7.2_FileBinary_VD1.csproj", "{57167E8B-BD1F-41E7-AC2A-5DE846A677DF}"
EndProject
Project("{FAE04EC0-301F-11D3-BF4B-00C04F79EFBC}") = "7.2_FileBinary_VD2", "7.2_FileBinary_VD2\7.2_FileBinary_VD2.csproj", "{51397AEC-FED6-4B4A-B422-4F0D5F7E501D}"
EndProject
Project("{FAE04EC0-301F-11D3-BF4B-00C04F79EFBC}") = "Homework_Ex01", "Homework_Ex01\Homework_Ex01.csproj", "{835F731E-D526-408D-9EE1-9A361F42F6C5}"
EndProject
Project("{FAE04EC0-301F-11D3-BF4B-00C04F79EFBC}") = "Homework_Ex02", "Homework_Ex02\Homework_Ex02.csproj", "{7B41992C-ECE8-4899-9E34-F0233FEEBADF}"
EndProject
Project("{FAE04EC0-301F-11D3-BF4B-00C04F79EFBC}") = "Homework_Ex03", "Homework_Ex03\Homework_Ex03.csproj", "{C9B180B5-25B9-4C2B-96E0-99AE800734BA}"
EndProject
Project("{FAE04EC0-301F-11D3-BF4B-00C04F79EFBC}") = "Homework_Ex04", "Homework_Ex04\Homework_Ex04.csproj", "{70210C92-A4B8-4B30-8EAA-F9D285010B80}"
EndProject
Project("{FAE04EC0-301F-11D3-BF4B-00C04F79EFBC}") = "Homework_Ex05", "Homework_Ex05\Homework_Ex05.csproj", "{8AE9A54C-BE72-4BB7-90EE-89D32845EC61}"
EndProject
Global
	GlobalSection(SolutionConfigurationPlatforms) = preSolution
		Debug|Any CPU = Debug|Any CPU
		Release|Any CPU = Release|Any CPU
	EndGlobalSection
	GlobalSection(ProjectConfigurationPlatforms) = postSolution
		{D913BA39-A8A9-42E8-A361-280A3CE72781}.Debug|Any CPU.ActiveCfg = Debug|Any CPU
		{D913BA39-A8A9-42E8-A361-280A3CE72781}.Debug|Any CPU.Build.0 = Debug|Any CPU
		{D913BA39-A8A9-42E8-A361-280A3CE72781}.Release|Any CPU.ActiveCfg = Release|Any CPU
		{D913BA39-A8A9-42E8-A361-280A3CE72781}.Release|Any CPU.Build.0 = Release|Any CPU
		{B9F0A7A6-91BA-4716-BBB0-9FBA767B7711}.Debug|Any CPU.ActiveCfg = Debug|Any CPU
		{B9F0A7A6-91BA-4716-BBB0-9FBA767B7711}.Debug|Any CPU.Build.0 = Debug|Any CPU
		{B9F0A7A6-91BA-4716-BBB0-9FBA767B7711}.Release|Any CPU.ActiveCfg = Release|Any CPU
		{B9F0A7A6-91BA-4716-BBB0-9FBA767B7711}.Release|Any CPU.Build.0 = Release|Any CPU
		{D2D72345-832D-47F1-9C9A-EDF6E58F20A5}.Debug|Any CPU.ActiveCfg = Debug|Any CPU
		{D2D72345-832D-47F1-9C9A-EDF6E58F20A5}.Debug|Any CPU.Build.0 = Debug|Any CPU
		{D2D72345-832D-47F1-9C9A-EDF6E58F20A5}.Release|Any CPU.ActiveCfg = Release|Any CPU
		{D2D72345-832D-47F1-9C9A-EDF6E58F20A5}.Release|Any CPU.Build.0 = Release|Any CPU
		{57167E8B-BD1F-41E7-AC2A-5DE846A677DF}.Debug|Any CPU.ActiveCfg = Debug|Any CPU
		{57167E8B-BD1F-41E7-AC2A-5DE846A677DF}.Debug|Any CPU.Build.0 = Debug|Any CPU
		{57167E8B-BD1F-41E7-AC2A-5DE846A677DF}.Release|Any CPU.ActiveCfg = Release|Any CPU
		{57167E8B-BD1F-41E7-AC2A-5DE846A677DF}.Release|Any CPU.Build.0 = Release|Any CPU
		{51397AEC-FED6-4B4A-B422-4F0D5F7E501D}.Debug|Any CPU.ActiveCfg = Debug|Any CPU
		{51397AEC-FED6-4B4A-B422-4F0D5F7E501D}.Debug|Any CPU.Build.0 = Debug|Any CPU
		{51397AEC-FED6-4B4A-B422-4F0D5F7E501D}.Release|Any CPU.ActiveCfg = Release|Any CPU
		{51397AEC-FED6-4B4A-B422-4F0D5F7E501D}.Release|Any CPU.Build.0 = Release|Any CPU
		{835F731E-D526-408D-9EE1-9A361F42F6C5}.Debug|Any CPU.ActiveCfg = Debug|Any CPU
		{835F731E-D526-408D-9EE1-9A361F42F6C5}.Debug|Any CPU.Build.0 = Debug|Any CPU
		{835F731E-D526-408D-9EE1-9A361F42F6C5}.Release|Any CPU.ActiveCfg = Release|Any CPU
		{835F731E-D526-408D-9EE1-9A361F42F6C5}.Release|Any CPU.Build.0 = Release|Any CPU
		{7B41992C-ECE8-4899-9E34-F0233FEEBADF}.Debug|Any CPU.ActiveCfg = Debug|Any CPU
		{7B41992C-ECE8-4899-9E34-F0233FEEBADF}.Debug|Any CPU.Build.0 = Debug|Any CPU
		{7B41992C-ECE8-4899-9E34-F0233FEEBADF}.Release|Any CPU.ActiveCfg = Release|Any CPU
		{7B41992C-ECE8-4899-9E34-F0233FEEBADF}.Release|Any CPU.Build.0 = Release|Any CPU
		{C9B180B5-25B9-4C2B-96E0-99AE800734BA}.Debug|Any CPU.ActiveCfg = Debug|Any CPU
		{C9B180B5-25B9-4C2B-96E0-99AE800734BA}.Debug|Any CPU.Build.0 = Debug|Any CPU
		{C9B180B5-25B9-4C2B-96E0-99AE800734BA}.Release|Any CPU.ActiveCfg = Release|Any CPU
		{C9B180B5-25B9-4C2B-96E0-99AE800734BA}.Release|Any CPU.Build.0 = Release|Any CPU
		{70210C92-A4B8-4B30-8EAA-F9D285010B80}.Debug|Any CPU.ActiveCfg = Debug|Any CPU
		{70210C92-A4B8-4B30-8EAA-F9D285010B80}.Debug|Any CPU.Build.0 = Debug|Any CPU
		{70210C92-A4B8-4B30-8EAA-F9D285010B80}.Release|Any CPU.ActiveCfg = Release|Any CPU
		{70210C92-A4B8-4B30-8EAA-F9D285010B80}.Release|Any CPU.Build.0 = Release|Any CPU
		{8AE9A54C-BE72-4BB7-90EE-89D32845EC61}.Debug|Any CPU.ActiveCfg = Debug|Any CPU
		{8AE9A54C-BE72-4BB7-90EE-89D32845EC61}.Debug|Any CPU.Build.0 = Debug|Any CPU
		{8AE9A54C-BE72-4BB7-90EE-89D32845EC61}.Release|Any CPU.ActiveCfg = Release|Any CPU
		{8AE9A54C-BE72-4BB7-90EE-89D32845EC61}.Release|Any CPU.Build.0 = Release|Any CPU
	EndGlobalSection
	GlobalSection(SolutionProperties) = preSolution
		HideSolutionNode = FALSE
	EndGlobalSection
	GlobalSection(ExtensibilityGlobals) = postSolution
		SolutionGuid = {DE81C633-A543-410C-84E1-31DA36AF1136}
	EndGlobalSection
EndGlobal
