
Microsoft Visual Studio Solution File, Format Version 12.00
# Visual Studio Version 17
VisualStudioVersion = 17.3.32825.248
MinimumVisualStudioVersion = 10.0.40219.1
Project("{FAE04EC0-301F-11D3-BF4B-00C04F79EFBC}") = "Delegate", "Delegate\Delegate.csproj", "{C4492922-38E7-4DFE-90F3-A93CAF4182BC}"
EndProject
Project("{FAE04EC0-301F-11D3-BF4B-00C04F79EFBC}") = "Event", "Event\Event.csproj", "{16DC5D98-F9CD-4AB9-8761-54422E912122}"
EndProject
Project("{FAE04EC0-301F-11D3-BF4B-00C04F79EFBC}") = "EventDelegateSinhVien", "EventDelegateSinhVien\EventDelegateSinhVien.csproj", "{1B6D75B1-CAA4-4A98-A386-6728EF9F8569}"
EndProject
Global
	GlobalSection(SolutionConfigurationPlatforms) = preSolution
		Debug|Any CPU = Debug|Any CPU
		Release|Any CPU = Release|Any CPU
	EndGlobalSection
	GlobalSection(ProjectConfigurationPlatforms) = postSolution
		{C4492922-38E7-4DFE-90F3-A93CAF4182BC}.Debug|Any CPU.ActiveCfg = Debug|Any CPU
		{C4492922-38E7-4DFE-90F3-A93CAF4182BC}.Debug|Any CPU.Build.0 = Debug|Any CPU
		{C4492922-38E7-4DFE-90F3-A93CAF4182BC}.Release|Any CPU.ActiveCfg = Release|Any CPU
		{C4492922-38E7-4DFE-90F3-A93CAF4182BC}.Release|Any CPU.Build.0 = Release|Any CPU
		{16DC5D98-F9CD-4AB9-8761-54422E912122}.Debug|Any CPU.ActiveCfg = Debug|Any CPU
		{16DC5D98-F9CD-4AB9-8761-54422E912122}.Debug|Any CPU.Build.0 = Debug|Any CPU
		{16DC5D98-F9CD-4AB9-8761-54422E912122}.Release|Any CPU.ActiveCfg = Release|Any CPU
		{16DC5D98-F9CD-4AB9-8761-54422E912122}.Release|Any CPU.Build.0 = Release|Any CPU
		{1B6D75B1-CAA4-4A98-A386-6728EF9F8569}.Debug|Any CPU.ActiveCfg = Debug|Any CPU
		{1B6D75B1-CAA4-4A98-A386-6728EF9F8569}.Debug|Any CPU.Build.0 = Debug|Any CPU
		{1B6D75B1-CAA4-4A98-A386-6728EF9F8569}.Release|Any CPU.ActiveCfg = Release|Any CPU
		{1B6D75B1-CAA4-4A98-A386-6728EF9F8569}.Release|Any CPU.Build.0 = Release|Any CPU
	EndGlobalSection
	GlobalSection(SolutionProperties) = preSolution
		HideSolutionNode = FALSE
	EndGlobalSection
	GlobalSection(ExtensibilityGlobals) = postSolution
		SolutionGuid = {566EE967-6302-4A3B-85BC-91DED1A4B395}
	EndGlobalSection
EndGlobal
