
Microsoft Visual Studio Solution File, Format Version 12.00
# Visual Studio Version 17
VisualStudioVersion = 17.3.32825.248
MinimumVisualStudioVersion = 10.0.40219.1
Project("{FAE04EC0-301F-11D3-BF4B-00C04F79EFBC}") = "NguyenHuuHoang_21103100320_DHTI15A5HN", "NguyenHuuHoang_21103100320_DHTI15A5HN\NguyenHuuHoang_21103100320_DHTI15A5HN.csproj", "{FF7BEAEF-F1B6-4A17-9B34-7EC8A7B83359}"
EndProject
Global
	GlobalSection(SolutionConfigurationPlatforms) = preSolution
		Debug|Any CPU = Debug|Any CPU
		Release|Any CPU = Release|Any CPU
	EndGlobalSection
	GlobalSection(ProjectConfigurationPlatforms) = postSolution
		{FF7BEAEF-F1B6-4A17-9B34-7EC8A7B83359}.Debug|Any CPU.ActiveCfg = Debug|Any CPU
		{FF7BEAEF-F1B6-4A17-9B34-7EC8A7B83359}.Debug|Any CPU.Build.0 = Debug|Any CPU
		{FF7BEAEF-F1B6-4A17-9B34-7EC8A7B83359}.Release|Any CPU.ActiveCfg = Release|Any CPU
		{FF7BEAEF-F1B6-4A17-9B34-7EC8A7B83359}.Release|Any CPU.Build.0 = Release|Any CPU
	EndGlobalSection
	GlobalSection(SolutionProperties) = preSolution
		HideSolutionNode = FALSE
	EndGlobalSection
	GlobalSection(ExtensibilityGlobals) = postSolution
		SolutionGuid = {54E3F53B-F7C1-4286-BA84-F6B91952C8BB}
	EndGlobalSection
EndGlobal
