
Microsoft Visual Studio Solution File, Format Version 12.00
# Visual Studio Version 17
VisualStudioVersion = 17.3.32825.248
MinimumVisualStudioVersion = 10.0.40219.1
Project("{FAE04EC0-301F-11D3-BF4B-00C04F79EFBC}") = "3.1_Form_VD1", "3.1_Form_VD1\3.1_Form_VD1.csproj", "{FEA7F340-38C0-49C5-A280-97CEEB7EB730}"
EndProject
Project("{FAE04EC0-301F-11D3-BF4B-00C04F79EFBC}") = "3.1_Form_VD2", "3.1_Form_VD2\3.1_Form_VD2.csproj", "{75882C70-DABD-4105-A453-6F05AE01CBB2}"
EndProject
Project("{FAE04EC0-301F-11D3-BF4B-00C04F79EFBC}") = "3.1_Form_VD3", "3.1_Form_VD3\3.1_Form_VD3.csproj", "{2B53284A-E5A0-4756-BC71-C8F75E0D0479}"
EndProject
Project("{FAE04EC0-301F-11D3-BF4B-00C04F79EFBC}") = "3.1_Form_VD4", "3.1_Form_VD4\3.1_Form_VD4.csproj", "{83B18F04-2320-4D73-BF8A-C7E192794222}"
EndProject
Project("{FAE04EC0-301F-11D3-BF4B-00C04F79EFBC}") = "3.3_Threading_VD1", "3.3_Threading_VD1\3.3_Threading_VD1.csproj", "{E6318181-2E82-456D-8440-E55EEC7860F1}"
EndProject
Project("{FAE04EC0-301F-11D3-BF4B-00C04F79EFBC}") = "3.3_Threading_VD2", "3.3_Threading_VD2\3.3_Threading_VD2.csproj", "{45C6F72A-365C-4564-BE6C-3FA2CEFB4702}"
EndProject
Project("{FAE04EC0-301F-11D3-BF4B-00C04F79EFBC}") = "3.3_Threading_VD3", "3.3_Threading_VD3\3.3_Threading_VD3.csproj", "{4FF051DF-E344-4EE0-911D-CA71BDF4BA0E}"
EndProject
Project("{FAE04EC0-301F-11D3-BF4B-00C04F79EFBC}") = "3.3_Threading_VD4", "3.3_Threading_VD4\3.3_Threading_VD4.csproj", "{3D28EE99-78FC-4F6D-90F9-99C2A4E51EA4}"
EndProject
Project("{FAE04EC0-301F-11D3-BF4B-00C04F79EFBC}") = "3.2a_ArrayList", "3.2a_ArrayList\3.2a_ArrayList.csproj", "{E50B7EBA-3C2F-473B-BD4A-FC90616C2BC8}"
EndProject
Project("{FAE04EC0-301F-11D3-BF4B-00C04F79EFBC}") = "3.2b_List_VD1", "3.2b_List_VD1\3.2b_List_VD1.csproj", "{A17E0F28-9A86-4639-8DBB-2631E1B82111}"
EndProject
Project("{FAE04EC0-301F-11D3-BF4B-00C04F79EFBC}") = "3.2b_List_VD2", "3.2b_List_VD2\3.2b_List_VD2.csproj", "{296EB134-5D10-4E65-AEB5-D839D9902443}"
EndProject
Project("{FAE04EC0-301F-11D3-BF4B-00C04F79EFBC}") = "3.2c_Generic", "3.2c_Generic\3.2c_Generic.csproj", "{5F22C72B-B15D-45D3-9739-0E47247AD375}"
EndProject
Project("{FAE04EC0-301F-11D3-BF4B-00C04F79EFBC}") = "Ex01_Lab03", "Ex01_Lab03\Ex01_Lab03.csproj", "{142CFB05-61BE-4B0C-90C6-F53193456DD8}"
EndProject
Project("{FAE04EC0-301F-11D3-BF4B-00C04F79EFBC}") = "Ex02_Lab03", "Ex02_Lab03\Ex02_Lab03.csproj", "{D387BFC0-110C-4487-8968-5BBCDC7B5094}"
EndProject
Project("{FAE04EC0-301F-11D3-BF4B-00C04F79EFBC}") = "Ex03_Lab03", "Ex03_Lab03\Ex03_Lab03.csproj", "{A67A5872-5405-4677-B57A-9D81525C7AA7}"
EndProject
Project("{FAE04EC0-301F-11D3-BF4B-00C04F79EFBC}") = "Ex04_Lab03", "Ex04_Lab03\Ex04_Lab03.csproj", "{0EE78A9C-C055-4CA1-9CB1-677ADDD98254}"
EndProject
Project("{FAE04EC0-301F-11D3-BF4B-00C04F79EFBC}") = "Ex05_Lab03", "Ex05_Lab03\Ex05_Lab03.csproj", "{6406110A-2261-4E2C-B0CE-6EA13D7CEF34}"
EndProject
Global
	GlobalSection(SolutionConfigurationPlatforms) = preSolution
		Debug|Any CPU = Debug|Any CPU
		Release|Any CPU = Release|Any CPU
	EndGlobalSection
	GlobalSection(ProjectConfigurationPlatforms) = postSolution
		{FEA7F340-38C0-49C5-A280-97CEEB7EB730}.Debug|Any CPU.ActiveCfg = Debug|Any CPU
		{FEA7F340-38C0-49C5-A280-97CEEB7EB730}.Debug|Any CPU.Build.0 = Debug|Any CPU
		{FEA7F340-38C0-49C5-A280-97CEEB7EB730}.Release|Any CPU.ActiveCfg = Release|Any CPU
		{FEA7F340-38C0-49C5-A280-97CEEB7EB730}.Release|Any CPU.Build.0 = Release|Any CPU
		{75882C70-DABD-4105-A453-6F05AE01CBB2}.Debug|Any CPU.ActiveCfg = Debug|Any CPU
		{75882C70-DABD-4105-A453-6F05AE01CBB2}.Debug|Any CPU.Build.0 = Debug|Any CPU
		{75882C70-DABD-4105-A453-6F05AE01CBB2}.Release|Any CPU.ActiveCfg = Release|Any CPU
		{75882C70-DABD-4105-A453-6F05AE01CBB2}.Release|Any CPU.Build.0 = Release|Any CPU
		{2B53284A-E5A0-4756-BC71-C8F75E0D0479}.Debug|Any CPU.ActiveCfg = Debug|Any CPU
		{2B53284A-E5A0-4756-BC71-C8F75E0D0479}.Debug|Any CPU.Build.0 = Debug|Any CPU
		{2B53284A-E5A0-4756-BC71-C8F75E0D0479}.Release|Any CPU.ActiveCfg = Release|Any CPU
		{2B53284A-E5A0-4756-BC71-C8F75E0D0479}.Release|Any CPU.Build.0 = Release|Any CPU
		{83B18F04-2320-4D73-BF8A-C7E192794222}.Debug|Any CPU.ActiveCfg = Debug|Any CPU
		{83B18F04-2320-4D73-BF8A-C7E192794222}.Debug|Any CPU.Build.0 = Debug|Any CPU
		{83B18F04-2320-4D73-BF8A-C7E192794222}.Release|Any CPU.ActiveCfg = Release|Any CPU
		{83B18F04-2320-4D73-BF8A-C7E192794222}.Release|Any CPU.Build.0 = Release|Any CPU
		{E6318181-2E82-456D-8440-E55EEC7860F1}.Debug|Any CPU.ActiveCfg = Debug|Any CPU
		{E6318181-2E82-456D-8440-E55EEC7860F1}.Debug|Any CPU.Build.0 = Debug|Any CPU
		{E6318181-2E82-456D-8440-E55EEC7860F1}.Release|Any CPU.ActiveCfg = Release|Any CPU
		{E6318181-2E82-456D-8440-E55EEC7860F1}.Release|Any CPU.Build.0 = Release|Any CPU
		{45C6F72A-365C-4564-BE6C-3FA2CEFB4702}.Debug|Any CPU.ActiveCfg = Debug|Any CPU
		{45C6F72A-365C-4564-BE6C-3FA2CEFB4702}.Debug|Any CPU.Build.0 = Debug|Any CPU
		{45C6F72A-365C-4564-BE6C-3FA2CEFB4702}.Release|Any CPU.ActiveCfg = Release|Any CPU
		{45C6F72A-365C-4564-BE6C-3FA2CEFB4702}.Release|Any CPU.Build.0 = Release|Any CPU
		{4FF051DF-E344-4EE0-911D-CA71BDF4BA0E}.Debug|Any CPU.ActiveCfg = Debug|Any CPU
		{4FF051DF-E344-4EE0-911D-CA71BDF4BA0E}.Debug|Any CPU.Build.0 = Debug|Any CPU
		{4FF051DF-E344-4EE0-911D-CA71BDF4BA0E}.Release|Any CPU.ActiveCfg = Release|Any CPU
		{4FF051DF-E344-4EE0-911D-CA71BDF4BA0E}.Release|Any CPU.Build.0 = Release|Any CPU
		{3D28EE99-78FC-4F6D-90F9-99C2A4E51EA4}.Debug|Any CPU.ActiveCfg = Debug|Any CPU
		{3D28EE99-78FC-4F6D-90F9-99C2A4E51EA4}.Debug|Any CPU.Build.0 = Debug|Any CPU
		{3D28EE99-78FC-4F6D-90F9-99C2A4E51EA4}.Release|Any CPU.ActiveCfg = Release|Any CPU
		{3D28EE99-78FC-4F6D-90F9-99C2A4E51EA4}.Release|Any CPU.Build.0 = Release|Any CPU
		{E50B7EBA-3C2F-473B-BD4A-FC90616C2BC8}.Debug|Any CPU.ActiveCfg = Debug|Any CPU
		{E50B7EBA-3C2F-473B-BD4A-FC90616C2BC8}.Debug|Any CPU.Build.0 = Debug|Any CPU
		{E50B7EBA-3C2F-473B-BD4A-FC90616C2BC8}.Release|Any CPU.ActiveCfg = Release|Any CPU
		{E50B7EBA-3C2F-473B-BD4A-FC90616C2BC8}.Release|Any CPU.Build.0 = Release|Any CPU
		{A17E0F28-9A86-4639-8DBB-2631E1B82111}.Debug|Any CPU.ActiveCfg = Debug|Any CPU
		{A17E0F28-9A86-4639-8DBB-2631E1B82111}.Debug|Any CPU.Build.0 = Debug|Any CPU
		{A17E0F28-9A86-4639-8DBB-2631E1B82111}.Release|Any CPU.ActiveCfg = Release|Any CPU
		{A17E0F28-9A86-4639-8DBB-2631E1B82111}.Release|Any CPU.Build.0 = Release|Any CPU
		{296EB134-5D10-4E65-AEB5-D839D9902443}.Debug|Any CPU.ActiveCfg = Debug|Any CPU
		{296EB134-5D10-4E65-AEB5-D839D9902443}.Debug|Any CPU.Build.0 = Debug|Any CPU
		{296EB134-5D10-4E65-AEB5-D839D9902443}.Release|Any CPU.ActiveCfg = Release|Any CPU
		{296EB134-5D10-4E65-AEB5-D839D9902443}.Release|Any CPU.Build.0 = Release|Any CPU
		{5F22C72B-B15D-45D3-9739-0E47247AD375}.Debug|Any CPU.ActiveCfg = Debug|Any CPU
		{5F22C72B-B15D-45D3-9739-0E47247AD375}.Debug|Any CPU.Build.0 = Debug|Any CPU
		{5F22C72B-B15D-45D3-9739-0E47247AD375}.Release|Any CPU.ActiveCfg = Release|Any CPU
		{5F22C72B-B15D-45D3-9739-0E47247AD375}.Release|Any CPU.Build.0 = Release|Any CPU
		{142CFB05-61BE-4B0C-90C6-F53193456DD8}.Debug|Any CPU.ActiveCfg = Debug|Any CPU
		{142CFB05-61BE-4B0C-90C6-F53193456DD8}.Debug|Any CPU.Build.0 = Debug|Any CPU
		{142CFB05-61BE-4B0C-90C6-F53193456DD8}.Release|Any CPU.ActiveCfg = Release|Any CPU
		{142CFB05-61BE-4B0C-90C6-F53193456DD8}.Release|Any CPU.Build.0 = Release|Any CPU
		{D387BFC0-110C-4487-8968-5BBCDC7B5094}.Debug|Any CPU.ActiveCfg = Debug|Any CPU
		{D387BFC0-110C-4487-8968-5BBCDC7B5094}.Debug|Any CPU.Build.0 = Debug|Any CPU
		{D387BFC0-110C-4487-8968-5BBCDC7B5094}.Release|Any CPU.ActiveCfg = Release|Any CPU
		{D387BFC0-110C-4487-8968-5BBCDC7B5094}.Release|Any CPU.Build.0 = Release|Any CPU
		{A67A5872-5405-4677-B57A-9D81525C7AA7}.Debug|Any CPU.ActiveCfg = Debug|Any CPU
		{A67A5872-5405-4677-B57A-9D81525C7AA7}.Debug|Any CPU.Build.0 = Debug|Any CPU
		{A67A5872-5405-4677-B57A-9D81525C7AA7}.Release|Any CPU.ActiveCfg = Release|Any CPU
		{A67A5872-5405-4677-B57A-9D81525C7AA7}.Release|Any CPU.Build.0 = Release|Any CPU
		{0EE78A9C-C055-4CA1-9CB1-677ADDD98254}.Debug|Any CPU.ActiveCfg = Debug|Any CPU
		{0EE78A9C-C055-4CA1-9CB1-677ADDD98254}.Debug|Any CPU.Build.0 = Debug|Any CPU
		{0EE78A9C-C055-4CA1-9CB1-677ADDD98254}.Release|Any CPU.ActiveCfg = Release|Any CPU
		{0EE78A9C-C055-4CA1-9CB1-677ADDD98254}.Release|Any CPU.Build.0 = Release|Any CPU
		{6406110A-2261-4E2C-B0CE-6EA13D7CEF34}.Debug|Any CPU.ActiveCfg = Debug|Any CPU
		{6406110A-2261-4E2C-B0CE-6EA13D7CEF34}.Debug|Any CPU.Build.0 = Debug|Any CPU
		{6406110A-2261-4E2C-B0CE-6EA13D7CEF34}.Release|Any CPU.ActiveCfg = Release|Any CPU
		{6406110A-2261-4E2C-B0CE-6EA13D7CEF34}.Release|Any CPU.Build.0 = Release|Any CPU
	EndGlobalSection
	GlobalSection(SolutionProperties) = preSolution
		HideSolutionNode = FALSE
	EndGlobalSection
	GlobalSection(ExtensibilityGlobals) = postSolution
		SolutionGuid = {5CB1B261-84E3-4428-9B25-117C53AD4504}
	EndGlobalSection
EndGlobal
